{
  "name": "shared-trpc",
  "lockfileVersion": 3,
  "requires": true,
  "packages": {
    "": {
      "dependencies": {
        "@trpc/client": "^11.7.2",
        "@trpc/server": "^11.7.2",
        "zod": "^4.1.13"
      }
    },
    "node_modules/@trpc/client": {
      "version": "11.7.2",
      "resolved": "https://registry.npmjs.org/@trpc/client/-/client-11.7.2.tgz",
      "integrity": "sha512-OQxqUMfpDvjcszo9dbnqWQXnW2L5IbrKSz2H7l8s+mVM3EvYw7ztQ/gjFIN3iy0NcamiQfd4eE6qjcb9Lm+63A==",
      "funding": [
        "https://trpc.io/sponsor"
      ],
      "license": "MIT",
      "peerDependencies": {
        "@trpc/server": "11.7.2",
        "typescript": ">=5.7.2"
      }
    },
    "node_modules/@trpc/server": {
      "version": "11.7.2",
      "resolved": "https://registry.npmjs.org/@trpc/server/-/server-11.7.2.tgz",
      "integrity": "sha512-AgB26PXY69sckherIhCacKLY49rxE2XP5h38vr/KMZTbLCL1p8IuIoKPjALTcugC2kbyQ7Lbqo2JDVfRSmPmfQ==",
      "funding": [
        "https://trpc.io/sponsor"
      ],
      "license": "MIT",
      "peerDependencies": {
        "typescript": ">=5.7.2"
      }
    },
    "node_modules/typescript": {
      "version": "5.9.3",
      "resolved": "https://registry.npmjs.org/typescript/-/typescript-5.9.3.tgz",
      "integrity": "sha512-jl1vZzPDinLr9eUt3J/t7V6FgNEw9QjvBPdysz9KfQDD41fQrC2Y4vKQdiaUpFT4bXlb1RHhLpp8wtm6M5TgSw==",
      "license": "Apache-2.0",
      "peer": true,
      "bin": {
        "tsc": "bin/tsc",
        "tsserver": "bin/tsserver"
      },
      "engines": {
        "node": ">=14.17"
      }
    },
    "node_modules/zod": {
      "version": "4.1.13",
      "resolved": "https://registry.npmjs.org/zod/-/zod-4.1.13.tgz",
      "integrity": "sha512-AvvthqfqrAhNH9dnfmrfKzX5upOdjUVJYFqNSlkmGf64gRaTzlPwz99IHYnVs28qYAybvAlBV+H7pn0saFY4Ig==",
      "license": "MIT",
      "funding": {
        "url": "https://github.com/sponsors/colinhacks"
      }
    }
  }
}
